{
  "name": "hello-express",
  "version": "0.0.1",
  "lockfileVersion": 1,
  "requires": true,
  "dependencies": {
    "complex": {
      "version": "3.0.1",
      "resolved": "https://registry.npmjs.org/complex/-/complex-3.0.1.tgz",
      "integrity": "sha1-TS3gmB61lcKgtgFr8B/wnPa3/Kw="
    },
    "express": {
      "version": "4.17.1",
      "requires": {
        "accepts": "~1.3.7",
        "array-flatten": "1.1.1",
        "body-parser": "1.19.0",
        "content-disposition": "0.5.3",
        "content-type": "~1.0.4",
        "cookie": "0.4.0",
        "cookie-signature": "1.0.6",
        "debug": "2.6.9",
        "depd": "~1.1.2",
        "encodeurl": "~1.0.2",
        "escape-html": "~1.0.3",
        "etag": "~1.8.1",
        "finalhandler": "~1.1.2",
        "fresh": "0.5.2",
        "merge-descriptors": "1.0.1",
        "methods": "~1.1.2",
        "on-finished": "~2.3.0",
        "parseurl": "~1.3.3",
        "path-to-regexp": "0.1.7",
        "proxy-addr": "~2.0.5",
        "qs": "6.7.0",
        "range-parser": "~1.2.1",
        "safe-buffer": "5.1.2",
        "send": "0.17.1",
        "serve-static": "1.14.1",
        "setprototypeof": "1.1.1",
        "statuses": "~1.5.0",
        "type-is": "~1.6.18",
        "utils-merge": "1.0.1",
        "vary": "~1.1.2"
      }
    },
    "mathjs": {
      "version": "7.0.1",
      "resolved": "https://registry.npmjs.org/mathjs/-/mathjs-7.0.1.tgz",
      "integrity": "sha512-ikFnvtvui8EA1KC+RsF7Sse34WA7EGsKnwwv7/lTRx04t25JtWpVWrs0ZcNKxygZVrOIpU9MRgbvXEFYFV3pOQ==",
      "requires": {
        "complex.js": "^2.0.11",
        "decimal.js": "^10.2.0",
        "escape-latex": "^1.2.0",
        "fraction.js": "^4.0.12",
        "javascript-natural-sort": "^0.7.1",
        "seed-random": "^2.2.0",
        "tiny-emitter": "^2.1.0",
        "typed-function": "^1.1.1"
      },
      "dependencies": {
        "complex.js": {
          "version": "2.0.11",
          "resolved": "https://registry.npmjs.org/complex.js/-/complex.js-2.0.11.tgz",
          "integrity": "sha512-6IArJLApNtdg1P1dFtn3dnyzoZBEF0MwMnrfF1exSBRpZYoy4yieMkpZhQDC0uwctw48vii0CFVyHfpgZ/DfGw=="
        },
        "decimal.js": {
          "version": "10.2.0",
          "resolved": "https://registry.npmjs.org/decimal.js/-/decimal.js-10.2.0.tgz",
          "integrity": "sha512-vDPw+rDgn3bZe1+F/pyEwb1oMG2XTlRVgAa6B4KccTEpYgF8w6eQllVbQcfIJnZyvzFtFpxnpGtx8dd7DJp/Rw=="
        },
        "escape-latex": {
          "version": "1.2.0",
          "resolved": "https://registry.npmjs.org/escape-latex/-/escape-latex-1.2.0.tgz",
          "integrity": "sha512-nV5aVWW1K0wEiUIEdZ4erkGGH8mDxGyxSeqPzRNtWP7ataw+/olFObw7hujFWlVjNsaDFw5VZ5NzVSIqRgfTiw=="
        },
        "fraction.js": {
          "version": "4.0.12",
          "resolved": "https://registry.npmjs.org/fraction.js/-/fraction.js-4.0.12.tgz",
          "integrity": "sha512-8Z1K0VTG4hzYY7kA/1sj4/r1/RWLBD3xwReT/RCrUCbzPszjNQCCsy3ktkU/eaEqX3MYa4pY37a52eiBlPMlhA=="
        },
        "javascript-natural-sort": {
          "version": "0.7.1",
          "resolved": "https://registry.npmjs.org/javascript-natural-sort/-/javascript-natural-sort-0.7.1.tgz",
          "integrity": "sha1-+eIwPUUH9tdDVac2ZNFED7Wg71k="
        },
        "seed-random": {
          "version": "2.2.0",
          "resolved": "https://registry.npmjs.org/seed-random/-/seed-random-2.2.0.tgz",
          "integrity": "sha1-KpsZ4lCoFwmSMaW5mk2vgLf77VQ="
        },
        "tiny-emitter": {
          "version": "2.1.0",
          "resolved": "https://registry.npmjs.org/tiny-emitter/-/tiny-emitter-2.1.0.tgz",
          "integrity": "sha512-NB6Dk1A9xgQPMoGqC5CVXn123gWyte215ONT5Pp5a0yt4nlEoO1ZWeCwpncaekPHXO60i47ihFnZPiRPjRMq4Q=="
        },
        "typed-function": {
          "version": "1.1.1",
          "resolved": "https://registry.npmjs.org/typed-function/-/typed-function-1.1.1.tgz",
          "integrity": "sha512-RbN7MaTQBZLJYzDENHPA0nUmWT0Ex80KHItprrgbTPufYhIlTePvCXZxyQK7wgn19FW5bnuaBIKcBb5mRWjB1Q=="
        }
      }
    }
  }
}
